// !$*UTF8*$!
{
	archiveVersion = 1;
	classes = {
	};
	objectVersion = 56;
	objects = {

/* Begin PBXBuildFile section */
		51DB19902A2B068C005AB5CD /* calListTester.cpp in Sources */ = {isa = PBXBuildFile; fileRef = 51DB198D2A2B068C005AB5CD /* calListTester.cpp */; };
		51DB19912A2B068C005AB5CD /* CalorieList.cpp in Sources */ = {isa = PBXBuildFile; fileRef = 51DB198E2A2B068C005AB5CD /* CalorieList.cpp */; };
		51DB19922A2B068C005AB5CD /* Food.cpp in Sources */ = {isa = PBXBuildFile; fileRef = 51DB198F2A2B068C005AB5CD /* Food.cpp */; };
		51DB19952A2B069F005AB5CD /* cstring.cpp in Sources */ = {isa = PBXBuildFile; fileRef = 51DB19932A2B069F005AB5CD /* cstring.cpp */; };
/* End PBXBuildFile section */

/* Begin PBXCopyFilesBuildPhase section */
		51DB197F2A2B0664005AB5CD /* CopyFiles */ = {
			isa = PBXCopyFilesBuildPhase;
			buildActionMask = 2147483647;
			dstPath = /usr/share/man/man1/;
			dstSubfolderSpec = 0;
			files = (
			);
			runOnlyForDeploymentPostprocessing = 1;
		};
/* End PBXCopyFilesBuildPhase section */

/* Begin PBXFileReference section */
		51DB19812A2B0664005AB5CD /* part2 proj */ = {isa = PBXFileReference; explicitFileType = "compiled.mach-o.executable"; includeInIndex = 0; path = "part2 proj"; sourceTree = BUILT_PRODUCTS_DIR; };
		51DB198B2A2B068C005AB5CD /* Food.h */ = {isa = PBXFileReference; fileEncoding = 4; lastKnownFileType = sourcecode.c.h; path = Food.h; sourceTree = "<group>"; };
		51DB198C2A2B068C005AB5CD /* CalorieList.h */ = {isa = PBXFileReference; fileEncoding = 4; lastKnownFileType = sourcecode.c.h; path = CalorieList.h; sourceTree = "<group>"; };
		51DB198D2A2B068C005AB5CD /* calListTester.cpp */ = {isa = PBXFileReference; fileEncoding = 4; lastKnownFileType = sourcecode.cpp.cpp; path = calListTester.cpp; sourceTree = "<group>"; };
		51DB198E2A2B068C005AB5CD /* CalorieList.cpp */ = {isa = PBXFileReference; fileEncoding = 4; lastKnownFileType = sourcecode.cpp.cpp; path = CalorieList.cpp; sourceTree = "<group>"; };
		51DB198F2A2B068C005AB5CD /* Food.cpp */ = {isa = PBXFileReference; fileEncoding = 4; lastKnownFileType = sourcecode.cpp.cpp; path = Food.cpp; sourceTree = "<group>"; };
		51DB19932A2B069F005AB5CD /* cstring.cpp */ = {isa = PBXFileReference; fileEncoding = 4; lastKnownFileType = sourcecode.cpp.cpp; path = cstring.cpp; sourceTree = "<group>"; };
		51DB19942A2B069F005AB5CD /* cstring.h */ = {isa = PBXFileReference; fileEncoding = 4; lastKnownFileType = sourcecode.c.h; path = cstring.h; sourceTree = "<group>"; };
/* End PBXFileReference section */

/* Begin PBXFrameworksBuildPhase section */
		51DB197E2A2B0664005AB5CD /* Frameworks */ = {
			isa = PBXFrameworksBuildPhase;
			buildActionMask = 2147483647;
			files = (
			);
			runOnlyForDeploymentPostprocessing = 0;
		};
/* End PBXFrameworksBuildPhase section */

/* Begin PBXGroup section */
		51DB19782A2B0664005AB5CD = {
			isa = PBXGroup;
			children = (
				51DB19832A2B0664005AB5CD /* part2 proj */,
				51DB19822A2B0664005AB5CD /* Products */,
			);
			sourceTree = "<group>";
		};
		51DB19822A2B0664005AB5CD /* Products */ = {
			isa = PBXGroup;
			children = (
				51DB19812A2B0664005AB5CD /* part2 proj */,
			);
			name = Products;
			sourceTree = "<group>";
		};
		51DB19832A2B0664005AB5CD /* part2 proj */ = {
			isa = PBXGroup;
			children = (
				51DB198B2A2B068C005AB5CD /* Food.h */,
				51DB198F2A2B068C005AB5CD /* Food.cpp */,
				51DB198C2A2B068C005AB5CD /* CalorieList.h */,
				51DB198E2A2B068C005AB5CD /* CalorieList.cpp */,
				51DB198D2A2B068C005AB5CD /* calListTester.cpp */,
				51DB19942A2B069F005AB5CD /* cstring.h */,
				51DB19932A2B069F005AB5CD /* cstring.cpp */,
			);
			path = "part2 proj";
			sourceTree = "<group>";
		};
/* End PBXGroup section */

/* Begin PBXNativeTarget section */
		51DB19802A2B0664005AB5CD /* part2 proj */ = {
			isa = PBXNativeTarget;
			buildConfigurationList = 51DB19882A2B0664005AB5CD /* Build configuration list for PBXNativeTarget "part2 proj" */;
			buildPhases = (
				51DB197D2A2B0664005AB5CD /* Sources */,
				51DB197E2A2B0664005AB5CD /* Frameworks */,
				51DB197F2A2B0664005AB5CD /* CopyFiles */,
			);
			buildRules = (
			);
			dependencies = (
			);
			name = "part2 proj";
			productName = "part2 proj";
			productReference = 51DB19812A2B0664005AB5CD /* part2 proj */;
			productType = "com.apple.product-type.tool";
		};
/* End PBXNativeTarget section */

/* Begin PBXProject section */
		51DB19792A2B0664005AB5CD /* Project object */ = {
			isa = PBXProject;
			attributes = {
				BuildIndependentTargetsInParallel = 1;
				LastUpgradeCheck = 1430;
				TargetAttributes = {
					51DB19802A2B0664005AB5CD = {
						CreatedOnToolsVersion = 14.3;
					};
				};
			};
			buildConfigurationList = 51DB197C2A2B0664005AB5CD /* Build configuration list for PBXProject "part2 proj" */;
			compatibilityVersion = "Xcode 14.0";
			developmentRegion = en;
			hasScannedForEncodings = 0;
			knownRegions = (
				en,
				Base,
			);
			mainGroup = 51DB19782A2B0664005AB5CD;
			productRefGroup = 51DB19822A2B0664005AB5CD /* Products */;
			projectDirPath = "";
			projectRoot = "";
			targets = (
				51DB19802A2B0664005AB5CD /* part2 proj */,
			);
		};
/* End PBXProject section */

/* Begin PBXSourcesBuildPhase section */
		51DB197D2A2B0664005AB5CD /* Sources */ = {
			isa = PBXSourcesBuildPhase;
			buildActionMask = 2147483647;
			files = (
				51DB19922A2B068C005AB5CD /* Food.cpp in Sources */,
				51DB19902A2B068C005AB5CD /* calListTester.cpp in Sources */,
				51DB19952A2B069F005AB5CD /* cstring.cpp in Sources */,
				51DB19912A2B068C005AB5CD /* CalorieList.cpp in Sources */,
			);
			runOnlyForDeploymentPostprocessing = 0;
		};
/* End PBXSourcesBuildPhase section */

/* Begin XCBuildConfiguration section */
		51DB19862A2B0664005AB5CD /* Debug */ = {
			isa = XCBuildConfiguration;
			buildSettings = {
				ALWAYS_SEARCH_USER_PATHS = NO;
				CLANG_ANALYZER_NONNULL = YES;
				CLANG_ANALYZER_NUMBER_OBJECT_CONVERSION = YES_AGGRESSIVE;
				CLANG_CXX_LANGUAGE_STANDARD = "gnu++20";
				CLANG_ENABLE_MODULES = YES;
				CLANG_ENABLE_OBJC_ARC = YES;
				CLANG_ENABLE_OBJC_WEAK = YES;
				CLANG_WARN_BLOCK_CAPTURE_AUTORELEASING = YES;
				CLANG_WARN_BOOL_CONVERSION = YES;
				CLANG_WARN_COMMA = YES;
				CLANG_WARN_CONSTANT_CONVERSION = YES;
				CLANG_WARN_DEPRECATED_OBJC_IMPLEMENTATIONS = YES;
				CLANG_WARN_DIRECT_OBJC_ISA_USAGE = YES_ERROR;
				CLANG_WARN_DOCUMENTATION_COMMENTS = YES;
				CLANG_WARN_EMPTY_BODY = YES;
				CLANG_WARN_ENUM_CONVERSION = YES;
				CLANG_WARN_INFINITE_RECURSION = YES;
				CLANG_WARN_INT_CONVERSION = YES;
				CLANG_WARN_NON_LITERAL_NULL_CONVERSION = YES;
				CLANG_WARN_OBJC_IMPLICIT_RETAIN_SELF = YES;
				CLANG_WARN_OBJC_LITERAL_CONVERSION = YES;
				CLANG_WARN_OBJC_ROOT_CLASS = YES_ERROR;
				CLANG_WARN_QUOTED_INCLUDE_IN_FRAMEWORK_HEADER = YES;
				CLANG_WARN_RANGE_LOOP_ANALYSIS = YES;
				CLANG_WARN_STRICT_PROTOTYPES = YES;
				CLANG_WARN_SUSPICIOUS_MOVE = YES;
				CLANG_WARN_UNGUARDED_AVAILABILITY = YES_AGGRESSIVE;
				CLANG_WARN_UNREACHABLE_CODE = YES;
				CLANG_WARN__DUPLICATE_METHOD_MATCH = YES;
				COPY_PHASE_STRIP = NO;
				DEBUG_INFORMATION_FORMAT = dwarf;
				ENABLE_STRICT_OBJC_MSGSEND = YES;
				ENABLE_TESTABILITY = YES;
				GCC_C_LANGUAGE_STANDARD = gnu11;
				GCC_DYNAMIC_NO_PIC = NO;
				GCC_NO_COMMON_BLOCKS = YES;
				GCC_OPTIMIZATION_LEVEL = 0;
				GCC_PREPROCESSOR_DEFINITIONS = (
					"DEBUG=1",
					"$(inherited)",
				);
				GCC_WARN_64_TO_32_BIT_CONVERSION = YES;
				GCC_WARN_ABOUT_RETURN_TYPE = YES_ERROR;
				GCC_WARN_UNDECLARED_SELECTOR = YES;
				GCC_WARN_UNINITIALIZED_AUTOS = YES_AGGRESSIVE;
				GCC_WARN_UNUSED_FUNCTION = YES;
				GCC_WARN_UNUSED_VARIABLE = YES;
				MACOSX_DEPLOYMENT_TARGET = 13.2;
				MTL_ENABLE_DEBUG_INFO = INCLUDE_SOURCE;
				MTL_FAST_MATH = YES;
				ONLY_ACTIVE_ARCH = YES;
				SDKROOT = macosx;
			};
			name = Debug;
		};
		51DB19872A2B0664005AB5CD /* Release */ = {
			isa = XCBuildConfiguration;
			buildSettings = {
				ALWAYS_SEARCH_USER_PATHS = NO;
				CLANG_ANALYZER_NONNULL = YES;
				CLANG_ANALYZER_NUMBER_OBJECT_CONVERSION = YES_AGGRESSIVE;
				CLANG_CXX_LANGUAGE_STANDARD = "gnu++20";
				CLANG_ENABLE_MODULES = YES;
				CLANG_ENABLE_OBJC_ARC = YES;
				CLANG_ENABLE_OBJC_WEAK = YES;
				CLANG_WARN_BLOCK_CAPTURE_AUTORELEASING = YES;
				CLANG_WARN_BOOL_CONVERSION = YES;
				CLANG_WARN_COMMA = YES;
				CLANG_WARN_CONSTANT_CONVERSION = YES;
				CLANG_WARN_DEPRECATED_OBJC_IMPLEMENTATIONS = YES;
				CLANG_WARN_DIRECT_OBJC_ISA_USAGE = YES_ERROR;
				CLANG_WARN_DOCUMENTATION_COMMENTS = YES;
				CLANG_WARN_EMPTY_BODY = YES;
				CLANG_WARN_ENUM_CONVERSION = YES;
				CLANG_WARN_INFINITE_RECURSION = YES;
				CLANG_WARN_INT_CONVERSION = YES;
				CLANG_WARN_NON_LITERAL_NULL_CONVERSION = YES;
				CLANG_WARN_OBJC_IMPLICIT_RETAIN_SELF = YES;
				CLANG_WARN_OBJC_LITERAL_CONVERSION = YES;
				CLANG_WARN_OBJC_ROOT_CLASS = YES_ERROR;
				CLANG_WARN_QUOTED_INCLUDE_IN_FRAMEWORK_HEADER = YES;
				CLANG_WARN_RANGE_LOOP_ANALYSIS = YES;
				CLANG_WARN_STRICT_PROTOTYPES = YES;
				CLANG_WARN_SUSPICIOUS_MOVE = YES;
				CLANG_WARN_UNGUARDED_AVAILABILITY = YES_AGGRESSIVE;
				CLANG_WARN_UNREACHABLE_CODE = YES;
				CLANG_WARN__DUPLICATE_METHOD_MATCH = YES;
				COPY_PHASE_STRIP = NO;
				DEBUG_INFORMATION_FORMAT = "dwarf-with-dsym";
				ENABLE_NS_ASSERTIONS = NO;
				ENABLE_STRICT_OBJC_MSGSEND = YES;
				GCC_C_LANGUAGE_STANDARD = gnu11;
				GCC_NO_COMMON_BLOCKS = YES;
				GCC_WARN_64_TO_32_BIT_CONVERSION = YES;
				GCC_WARN_ABOUT_RETURN_TYPE = YES_ERROR;
				GCC_WARN_UNDECLARED_SELECTOR = YES;
				GCC_WARN_UNINITIALIZED_AUTOS = YES_AGGRESSIVE;
				GCC_WARN_UNUSED_FUNCTION = YES;
				GCC_WARN_UNUSED_VARIABLE = YES;
				MACOSX_DEPLOYMENT_TARGET = 13.2;
				MTL_ENABLE_DEBUG_INFO = NO;
				MTL_FAST_MATH = YES;
				SDKROOT = macosx;
			};
			name = Release;
		};
		51DB19892A2B0664005AB5CD /* Debug */ = {
			isa = XCBuildConfiguration;
			buildSettings = {
				CODE_SIGN_STYLE = Automatic;
				PRODUCT_NAME = "$(TARGET_NAME)";
			};
			name = Debug;
		};
		51DB198A2A2B0664005AB5CD /* Release */ = {
			isa = XCBuildConfiguration;
			buildSettings = {
				CODE_SIGN_STYLE = Automatic;
				PRODUCT_NAME = "$(TARGET_NAME)";
			};
			name = Release;
		};
/* End XCBuildConfiguration section */

/* Begin XCConfigurationList section */
		51DB197C2A2B0664005AB5CD /* Build configuration list for PBXProject "part2 proj" */ = {
			isa = XCConfigurationList;
			buildConfigurations = (
				51DB19862A2B0664005AB5CD /* Debug */,
				51DB19872A2B0664005AB5CD /* Release */,
			);
			defaultConfigurationIsVisible = 0;
			defaultConfigurationName = Release;
		};
		51DB19882A2B0664005AB5CD /* Build configuration list for PBXNativeTarget "part2 proj" */ = {
			isa = XCConfigurationList;
			buildConfigurations = (
				51DB19892A2B0664005AB5CD /* Debug */,
				51DB198A2A2B0664005AB5CD /* Release */,
			);
			defaultConfigurationIsVisible = 0;
			defaultConfigurationName = Release;
		};
/* End XCConfigurationList section */
	};
	rootObject = 51DB19792A2B0664005AB5CD /* Project object */;
}
