// !$*UTF8*$!
{
	archiveVersion = 1;
	classes = {
	};
	objectVersion = 56;
	objects = {

/* Begin PBXBuildFile section */
		5124933A2A777FA100B9210F /* ms4_tester.cpp in Sources */ = {isa = PBXBuildFile; fileRef = 512493332A777FA100B9210F /* ms4_tester.cpp */; };
		5124933B2A777FA100B9210F /* Book.cpp in Sources */ = {isa = PBXBuildFile; fileRef = 512493382A777FA100B9210F /* Book.cpp */; };
/* End PBXBuildFile section */

/* Begin PBXCopyFilesBuildPhase section */
		512493262A777F8200B9210F /* CopyFiles */ = {
			isa = PBXCopyFilesBuildPhase;
			buildActionMask = 2147483647;
			dstPath = /usr/share/man/man1/;
			dstSubfolderSpec = 0;
			files = (
			);
			runOnlyForDeploymentPostprocessing = 1;
		};
/* End PBXCopyFilesBuildPhase section */

/* Begin PBXFileReference section */
		512493282A777F8200B9210F /* Xcode proj */ = {isa = PBXFileReference; explicitFileType = "compiled.mach-o.executable"; includeInIndex = 0; path = "Xcode proj"; sourceTree = BUILT_PRODUCTS_DIR; };
		512493322A777FA100B9210F /* ms4.vcxproj */ = {isa = PBXFileReference; fileEncoding = 4; lastKnownFileType = text.xml; name = ms4.vcxproj; path = ../../ms4.vcxproj; sourceTree = "<group>"; };
		512493332A777FA100B9210F /* ms4_tester.cpp */ = {isa = PBXFileReference; fileEncoding = 4; lastKnownFileType = sourcecode.cpp.cpp; name = ms4_tester.cpp; path = ../../ms4_tester.cpp; sourceTree = "<group>"; };
		512493342A777FA100B9210F /* BooksOriginal.txt */ = {isa = PBXFileReference; fileEncoding = 4; lastKnownFileType = text; name = BooksOriginal.txt; path = ../../BooksOriginal.txt; sourceTree = "<group>"; };
		512493352A777FA100B9210F /* Book.h */ = {isa = PBXFileReference; fileEncoding = 4; lastKnownFileType = sourcecode.c.h; name = Book.h; path = ../../Book.h; sourceTree = "<group>"; };
		512493362A777FA100B9210F /* output.md */ = {isa = PBXFileReference; fileEncoding = 4; lastKnownFileType = net.daringfireball.markdown; name = output.md; path = ../../output.md; sourceTree = "<group>"; };
		512493372A777FA100B9210F /* ms4.vcxproj.filters */ = {isa = PBXFileReference; fileEncoding = 4; lastKnownFileType = text.xml; name = ms4.vcxproj.filters; path = ../../ms4.vcxproj.filters; sourceTree = "<group>"; };
		512493382A777FA100B9210F /* Book.cpp */ = {isa = PBXFileReference; fileEncoding = 4; lastKnownFileType = sourcecode.cpp.cpp; name = Book.cpp; path = ../../Book.cpp; sourceTree = "<group>"; };
		512493392A777FA100B9210F /* Books.txt */ = {isa = PBXFileReference; fileEncoding = 4; lastKnownFileType = text; name = Books.txt; path = ../../Books.txt; sourceTree = "<group>"; };
/* End PBXFileReference section */

/* Begin PBXFrameworksBuildPhase section */
		512493252A777F8200B9210F /* Frameworks */ = {
			isa = PBXFrameworksBuildPhase;
			buildActionMask = 2147483647;
			files = (
			);
			runOnlyForDeploymentPostprocessing = 0;
		};
/* End PBXFrameworksBuildPhase section */

/* Begin PBXGroup section */
		5124931F2A777F8200B9210F = {
			isa = PBXGroup;
			children = (
				5124932A2A777F8200B9210F /* Xcode proj */,
				512493292A777F8200B9210F /* Products */,
			);
			sourceTree = "<group>";
		};
		512493292A777F8200B9210F /* Products */ = {
			isa = PBXGroup;
			children = (
				512493282A777F8200B9210F /* Xcode proj */,
			);
			name = Products;
			sourceTree = "<group>";
		};
		5124932A2A777F8200B9210F /* Xcode proj */ = {
			isa = PBXGroup;
			children = (
				512493382A777FA100B9210F /* Book.cpp */,
				512493352A777FA100B9210F /* Book.h */,
				512493392A777FA100B9210F /* Books.txt */,
				512493342A777FA100B9210F /* BooksOriginal.txt */,
				512493332A777FA100B9210F /* ms4_tester.cpp */,
				512493322A777FA100B9210F /* ms4.vcxproj */,
				512493372A777FA100B9210F /* ms4.vcxproj.filters */,
				512493362A777FA100B9210F /* output.md */,
			);
			path = "Xcode proj";
			sourceTree = "<group>";
		};
/* End PBXGroup section */

/* Begin PBXNativeTarget section */
		512493272A777F8200B9210F /* Xcode proj */ = {
			isa = PBXNativeTarget;
			buildConfigurationList = 5124932F2A777F8200B9210F /* Build configuration list for PBXNativeTarget "Xcode proj" */;
			buildPhases = (
				512493242A777F8200B9210F /* Sources */,
				512493252A777F8200B9210F /* Frameworks */,
				512493262A777F8200B9210F /* CopyFiles */,
			);
			buildRules = (
			);
			dependencies = (
			);
			name = "Xcode proj";
			productName = "Xcode proj";
			productReference = 512493282A777F8200B9210F /* Xcode proj */;
			productType = "com.apple.product-type.tool";
		};
/* End PBXNativeTarget section */

/* Begin PBXProject section */
		512493202A777F8200B9210F /* Project object */ = {
			isa = PBXProject;
			attributes = {
				BuildIndependentTargetsInParallel = 1;
				LastUpgradeCheck = 1430;
				TargetAttributes = {
					512493272A777F8200B9210F = {
						CreatedOnToolsVersion = 14.3;
					};
				};
			};
			buildConfigurationList = 512493232A777F8200B9210F /* Build configuration list for PBXProject "Xcode proj" */;
			compatibilityVersion = "Xcode 14.0";
			developmentRegion = en;
			hasScannedForEncodings = 0;
			knownRegions = (
				en,
				Base,
			);
			mainGroup = 5124931F2A777F8200B9210F;
			productRefGroup = 512493292A777F8200B9210F /* Products */;
			projectDirPath = "";
			projectRoot = "";
			targets = (
				512493272A777F8200B9210F /* Xcode proj */,
			);
		};
/* End PBXProject section */

/* Begin PBXSourcesBuildPhase section */
		512493242A777F8200B9210F /* Sources */ = {
			isa = PBXSourcesBuildPhase;
			buildActionMask = 2147483647;
			files = (
				5124933B2A777FA100B9210F /* Book.cpp in Sources */,
				5124933A2A777FA100B9210F /* ms4_tester.cpp in Sources */,
			);
			runOnlyForDeploymentPostprocessing = 0;
		};
/* End PBXSourcesBuildPhase section */

/* Begin XCBuildConfiguration section */
		5124932D2A777F8200B9210F /* Debug */ = {
			isa = XCBuildConfiguration;
			buildSettings = {
				ALWAYS_SEARCH_USER_PATHS = NO;
				CLANG_ANALYZER_NONNULL = YES;
				CLANG_ANALYZER_NUMBER_OBJECT_CONVERSION = YES_AGGRESSIVE;
				CLANG_CXX_LANGUAGE_STANDARD = "gnu++20";
				CLANG_ENABLE_MODULES = YES;
				CLANG_ENABLE_OBJC_ARC = YES;
				CLANG_ENABLE_OBJC_WEAK = YES;
				CLANG_WARN_BLOCK_CAPTURE_AUTORELEASING = YES;
				CLANG_WARN_BOOL_CONVERSION = YES;
				CLANG_WARN_COMMA = YES;
				CLANG_WARN_CONSTANT_CONVERSION = YES;
				CLANG_WARN_DEPRECATED_OBJC_IMPLEMENTATIONS = YES;
				CLANG_WARN_DIRECT_OBJC_ISA_USAGE = YES_ERROR;
				CLANG_WARN_DOCUMENTATION_COMMENTS = YES;
				CLANG_WARN_EMPTY_BODY = YES;
				CLANG_WARN_ENUM_CONVERSION = YES;
				CLANG_WARN_INFINITE_RECURSION = YES;
				CLANG_WARN_INT_CONVERSION = YES;
				CLANG_WARN_NON_LITERAL_NULL_CONVERSION = YES;
				CLANG_WARN_OBJC_IMPLICIT_RETAIN_SELF = YES;
				CLANG_WARN_OBJC_LITERAL_CONVERSION = YES;
				CLANG_WARN_OBJC_ROOT_CLASS = YES_ERROR;
				CLANG_WARN_QUOTED_INCLUDE_IN_FRAMEWORK_HEADER = YES;
				CLANG_WARN_RANGE_LOOP_ANALYSIS = YES;
				CLANG_WARN_STRICT_PROTOTYPES = YES;
				CLANG_WARN_SUSPICIOUS_MOVE = YES;
				CLANG_WARN_UNGUARDED_AVAILABILITY = YES_AGGRESSIVE;
				CLANG_WARN_UNREACHABLE_CODE = YES;
				CLANG_WARN__DUPLICATE_METHOD_MATCH = YES;
				COPY_PHASE_STRIP = NO;
				DEBUG_INFORMATION_FORMAT = dwarf;
				ENABLE_STRICT_OBJC_MSGSEND = YES;
				ENABLE_TESTABILITY = YES;
				GCC_C_LANGUAGE_STANDARD = gnu11;
				GCC_DYNAMIC_NO_PIC = NO;
				GCC_NO_COMMON_BLOCKS = YES;
				GCC_OPTIMIZATION_LEVEL = 0;
				GCC_PREPROCESSOR_DEFINITIONS = (
					"DEBUG=1",
					"$(inherited)",
				);
				GCC_WARN_64_TO_32_BIT_CONVERSION = YES;
				GCC_WARN_ABOUT_RETURN_TYPE = YES_ERROR;
				GCC_WARN_UNDECLARED_SELECTOR = YES;
				GCC_WARN_UNINITIALIZED_AUTOS = YES_AGGRESSIVE;
				GCC_WARN_UNUSED_FUNCTION = YES;
				GCC_WARN_UNUSED_VARIABLE = YES;
				MACOSX_DEPLOYMENT_TARGET = 13.2;
				MTL_ENABLE_DEBUG_INFO = INCLUDE_SOURCE;
				MTL_FAST_MATH = YES;
				ONLY_ACTIVE_ARCH = YES;
				SDKROOT = macosx;
			};
			name = Debug;
		};
		5124932E2A777F8200B9210F /* Release */ = {
			isa = XCBuildConfiguration;
			buildSettings = {
				ALWAYS_SEARCH_USER_PATHS = NO;
				CLANG_ANALYZER_NONNULL = YES;
				CLANG_ANALYZER_NUMBER_OBJECT_CONVERSION = YES_AGGRESSIVE;
				CLANG_CXX_LANGUAGE_STANDARD = "gnu++20";
				CLANG_ENABLE_MODULES = YES;
				CLANG_ENABLE_OBJC_ARC = YES;
				CLANG_ENABLE_OBJC_WEAK = YES;
				CLANG_WARN_BLOCK_CAPTURE_AUTORELEASING = YES;
				CLANG_WARN_BOOL_CONVERSION = YES;
				CLANG_WARN_COMMA = YES;
				CLANG_WARN_CONSTANT_CONVERSION = YES;
				CLANG_WARN_DEPRECATED_OBJC_IMPLEMENTATIONS = YES;
				CLANG_WARN_DIRECT_OBJC_ISA_USAGE = YES_ERROR;
				CLANG_WARN_DOCUMENTATION_COMMENTS = YES;
				CLANG_WARN_EMPTY_BODY = YES;
				CLANG_WARN_ENUM_CONVERSION = YES;
				CLANG_WARN_INFINITE_RECURSION = YES;
				CLANG_WARN_INT_CONVERSION = YES;
				CLANG_WARN_NON_LITERAL_NULL_CONVERSION = YES;
				CLANG_WARN_OBJC_IMPLICIT_RETAIN_SELF = YES;
				CLANG_WARN_OBJC_LITERAL_CONVERSION = YES;
				CLANG_WARN_OBJC_ROOT_CLASS = YES_ERROR;
				CLANG_WARN_QUOTED_INCLUDE_IN_FRAMEWORK_HEADER = YES;
				CLANG_WARN_RANGE_LOOP_ANALYSIS = YES;
				CLANG_WARN_STRICT_PROTOTYPES = YES;
				CLANG_WARN_SUSPICIOUS_MOVE = YES;
				CLANG_WARN_UNGUARDED_AVAILABILITY = YES_AGGRESSIVE;
				CLANG_WARN_UNREACHABLE_CODE = YES;
				CLANG_WARN__DUPLICATE_METHOD_MATCH = YES;
				COPY_PHASE_STRIP = NO;
				DEBUG_INFORMATION_FORMAT = "dwarf-with-dsym";
				ENABLE_NS_ASSERTIONS = NO;
				ENABLE_STRICT_OBJC_MSGSEND = YES;
				GCC_C_LANGUAGE_STANDARD = gnu11;
				GCC_NO_COMMON_BLOCKS = YES;
				GCC_WARN_64_TO_32_BIT_CONVERSION = YES;
				GCC_WARN_ABOUT_RETURN_TYPE = YES_ERROR;
				GCC_WARN_UNDECLARED_SELECTOR = YES;
				GCC_WARN_UNINITIALIZED_AUTOS = YES_AGGRESSIVE;
				GCC_WARN_UNUSED_FUNCTION = YES;
				GCC_WARN_UNUSED_VARIABLE = YES;
				MACOSX_DEPLOYMENT_TARGET = 13.2;
				MTL_ENABLE_DEBUG_INFO = NO;
				MTL_FAST_MATH = YES;
				SDKROOT = macosx;
			};
			name = Release;
		};
		512493302A777F8200B9210F /* Debug */ = {
			isa = XCBuildConfiguration;
			buildSettings = {
				CODE_SIGN_STYLE = Automatic;
				PRODUCT_NAME = "$(TARGET_NAME)";
			};
			name = Debug;
		};
		512493312A777F8200B9210F /* Release */ = {
			isa = XCBuildConfiguration;
			buildSettings = {
				CODE_SIGN_STYLE = Automatic;
				PRODUCT_NAME = "$(TARGET_NAME)";
			};
			name = Release;
		};
/* End XCBuildConfiguration section */

/* Begin XCConfigurationList section */
		512493232A777F8200B9210F /* Build configuration list for PBXProject "Xcode proj" */ = {
			isa = XCConfigurationList;
			buildConfigurations = (
				5124932D2A777F8200B9210F /* Debug */,
				5124932E2A777F8200B9210F /* Release */,
			);
			defaultConfigurationIsVisible = 0;
			defaultConfigurationName = Release;
		};
		5124932F2A777F8200B9210F /* Build configuration list for PBXNativeTarget "Xcode proj" */ = {
			isa = XCConfigurationList;
			buildConfigurations = (
				512493302A777F8200B9210F /* Debug */,
				512493312A777F8200B9210F /* Release */,
			);
			defaultConfigurationIsVisible = 0;
			defaultConfigurationName = Release;
		};
/* End XCConfigurationList section */
	};
	rootObject = 512493202A777F8200B9210F /* Project object */;
}
