// !$*UTF8*$!
{
	archiveVersion = 1;
	classes = {
	};
	objectVersion = 56;
	objects = {

/* Begin PBXBuildFile section */
		51979E3B2A707EFA00974D86 /* LblShape.cpp in Sources */ = {isa = PBXBuildFile; fileRef = 51979E392A707EFA00974D86 /* LblShape.cpp */; };
		51979E3E2A708E3600974D86 /* Line.cpp in Sources */ = {isa = PBXBuildFile; fileRef = 51979E3C2A708E3600974D86 /* Line.cpp */; };
		51979E412A708EE200974D86 /* Shape.cpp in Sources */ = {isa = PBXBuildFile; fileRef = 51979E3F2A708EE200974D86 /* Shape.cpp */; };
		51979E442A708F5400974D86 /* Rectangle.cpp in Sources */ = {isa = PBXBuildFile; fileRef = 51979E422A708F5400974D86 /* Rectangle.cpp */; };
		51979E462A70900900974D86 /* main.cpp in Sources */ = {isa = PBXBuildFile; fileRef = 51979E452A70900900974D86 /* main.cpp */; };
		51979E5D2A7091CC00974D86 /* LblShape.h in Headers */ = {isa = PBXBuildFile; fileRef = 51979E592A70906900974D86 /* LblShape.h */; settings = {ATTRIBUTES = (Public, ); }; };
		51979E5E2A7091CC00974D86 /* Line.h in Headers */ = {isa = PBXBuildFile; fileRef = 51979E5B2A70906900974D86 /* Line.h */; settings = {ATTRIBUTES = (Public, ); }; };
		51979E5F2A7091CC00974D86 /* Rectangle.h in Headers */ = {isa = PBXBuildFile; fileRef = 51979E582A70906900974D86 /* Rectangle.h */; settings = {ATTRIBUTES = (Public, ); }; };
		51979E602A7091CC00974D86 /* Shape.h in Headers */ = {isa = PBXBuildFile; fileRef = 51979E5A2A70906900974D86 /* Shape.h */; settings = {ATTRIBUTES = (Public, ); }; };
/* End PBXBuildFile section */

/* Begin PBXCopyFilesBuildPhase section */
		51979E2D2A707DE500974D86 /* CopyFiles */ = {
			isa = PBXCopyFilesBuildPhase;
			buildActionMask = 2147483647;
			dstPath = /usr/share/man/man1/;
			dstSubfolderSpec = 0;
			files = (
			);
			runOnlyForDeploymentPostprocessing = 1;
		};
/* End PBXCopyFilesBuildPhase section */

/* Begin PBXFileReference section */
		51979E2F2A707DE500974D86 /* WS8 */ = {isa = PBXFileReference; explicitFileType = "compiled.mach-o.executable"; includeInIndex = 0; path = WS8; sourceTree = BUILT_PRODUCTS_DIR; };
		51979E392A707EFA00974D86 /* LblShape.cpp */ = {isa = PBXFileReference; lastKnownFileType = sourcecode.cpp.cpp; name = LblShape.cpp; path = WS8/LblShape.cpp; sourceTree = "<group>"; };
		51979E3C2A708E3600974D86 /* Line.cpp */ = {isa = PBXFileReference; lastKnownFileType = sourcecode.cpp.cpp; name = Line.cpp; path = WS8/Line.cpp; sourceTree = "<group>"; };
		51979E3F2A708EE200974D86 /* Shape.cpp */ = {isa = PBXFileReference; lastKnownFileType = sourcecode.cpp.cpp; name = Shape.cpp; path = WS8/Shape.cpp; sourceTree = "<group>"; };
		51979E422A708F5400974D86 /* Rectangle.cpp */ = {isa = PBXFileReference; lastKnownFileType = sourcecode.cpp.cpp; name = Rectangle.cpp; path = WS8/Rectangle.cpp; sourceTree = "<group>"; };
		51979E452A70900900974D86 /* main.cpp */ = {isa = PBXFileReference; fileEncoding = 4; lastKnownFileType = sourcecode.cpp.cpp; name = main.cpp; path = WS8/main.cpp; sourceTree = "<group>"; };
		51979E572A70906900974D86 /* ws8data.csv */ = {isa = PBXFileReference; fileEncoding = 4; lastKnownFileType = text; name = ws8data.csv; path = WS8/ws8data.csv; sourceTree = "<group>"; };
		51979E582A70906900974D86 /* Rectangle.h */ = {isa = PBXFileReference; fileEncoding = 4; lastKnownFileType = sourcecode.c.h; name = Rectangle.h; path = WS8/Rectangle.h; sourceTree = "<group>"; };
		51979E592A70906900974D86 /* LblShape.h */ = {isa = PBXFileReference; fileEncoding = 4; lastKnownFileType = sourcecode.c.h; name = LblShape.h; path = WS8/LblShape.h; sourceTree = "<group>"; };
		51979E5A2A70906900974D86 /* Shape.h */ = {isa = PBXFileReference; fileEncoding = 4; lastKnownFileType = sourcecode.c.h; name = Shape.h; path = WS8/Shape.h; sourceTree = "<group>"; };
		51979E5B2A70906900974D86 /* Line.h */ = {isa = PBXFileReference; fileEncoding = 4; lastKnownFileType = sourcecode.c.h; name = Line.h; path = WS8/Line.h; sourceTree = "<group>"; };
/* End PBXFileReference section */

/* Begin PBXFrameworksBuildPhase section */
		51979E2C2A707DE500974D86 /* Frameworks */ = {
			isa = PBXFrameworksBuildPhase;
			buildActionMask = 2147483647;
			files = (
			);
			runOnlyForDeploymentPostprocessing = 0;
		};
/* End PBXFrameworksBuildPhase section */

/* Begin PBXGroup section */
		51979E262A707DE500974D86 = {
			isa = PBXGroup;
			children = (
				51979E592A70906900974D86 /* LblShape.h */,
				51979E5B2A70906900974D86 /* Line.h */,
				51979E582A70906900974D86 /* Rectangle.h */,
				51979E5A2A70906900974D86 /* Shape.h */,
				51979E572A70906900974D86 /* ws8data.csv */,
				51979E452A70900900974D86 /* main.cpp */,
				51979E422A708F5400974D86 /* Rectangle.cpp */,
				51979E3F2A708EE200974D86 /* Shape.cpp */,
				51979E3C2A708E3600974D86 /* Line.cpp */,
				51979E392A707EFA00974D86 /* LblShape.cpp */,
				51979E312A707DE500974D86 /* WS8 */,
				51979E302A707DE500974D86 /* Products */,
			);
			sourceTree = "<group>";
		};
		51979E302A707DE500974D86 /* Products */ = {
			isa = PBXGroup;
			children = (
				51979E2F2A707DE500974D86 /* WS8 */,
			);
			name = Products;
			sourceTree = "<group>";
		};
		51979E312A707DE500974D86 /* WS8 */ = {
			isa = PBXGroup;
			children = (
			);
			path = WS8;
			sourceTree = "<group>";
		};
/* End PBXGroup section */

/* Begin PBXHeadersBuildPhase section */
		51979E5C2A7091C200974D86 /* Headers */ = {
			isa = PBXHeadersBuildPhase;
			buildActionMask = 2147483647;
			files = (
				51979E5D2A7091CC00974D86 /* LblShape.h in Headers */,
				51979E5E2A7091CC00974D86 /* Line.h in Headers */,
				51979E5F2A7091CC00974D86 /* Rectangle.h in Headers */,
				51979E602A7091CC00974D86 /* Shape.h in Headers */,
			);
			runOnlyForDeploymentPostprocessing = 0;
		};
/* End PBXHeadersBuildPhase section */

/* Begin PBXNativeTarget section */
		51979E2E2A707DE500974D86 /* WS8 */ = {
			isa = PBXNativeTarget;
			buildConfigurationList = 51979E362A707DE500974D86 /* Build configuration list for PBXNativeTarget "WS8" */;
			buildPhases = (
				51979E5C2A7091C200974D86 /* Headers */,
				51979E2B2A707DE500974D86 /* Sources */,
				51979E2C2A707DE500974D86 /* Frameworks */,
				51979E2D2A707DE500974D86 /* CopyFiles */,
			);
			buildRules = (
			);
			dependencies = (
			);
			name = WS8;
			productName = WS8;
			productReference = 51979E2F2A707DE500974D86 /* WS8 */;
			productType = "com.apple.product-type.tool";
		};
/* End PBXNativeTarget section */

/* Begin PBXProject section */
		51979E272A707DE500974D86 /* Project object */ = {
			isa = PBXProject;
			attributes = {
				BuildIndependentTargetsInParallel = 1;
				LastUpgradeCheck = 1430;
				TargetAttributes = {
					51979E2E2A707DE500974D86 = {
						CreatedOnToolsVersion = 14.3;
					};
				};
			};
			buildConfigurationList = 51979E2A2A707DE500974D86 /* Build configuration list for PBXProject "WS8" */;
			compatibilityVersion = "Xcode 14.0";
			developmentRegion = en;
			hasScannedForEncodings = 0;
			knownRegions = (
				en,
				Base,
			);
			mainGroup = 51979E262A707DE500974D86;
			productRefGroup = 51979E302A707DE500974D86 /* Products */;
			projectDirPath = "";
			projectRoot = "";
			targets = (
				51979E2E2A707DE500974D86 /* WS8 */,
			);
		};
/* End PBXProject section */

/* Begin PBXSourcesBuildPhase section */
		51979E2B2A707DE500974D86 /* Sources */ = {
			isa = PBXSourcesBuildPhase;
			buildActionMask = 2147483647;
			files = (
				51979E3B2A707EFA00974D86 /* LblShape.cpp in Sources */,
				51979E3E2A708E3600974D86 /* Line.cpp in Sources */,
				51979E412A708EE200974D86 /* Shape.cpp in Sources */,
				51979E462A70900900974D86 /* main.cpp in Sources */,
				51979E442A708F5400974D86 /* Rectangle.cpp in Sources */,
			);
			runOnlyForDeploymentPostprocessing = 0;
		};
/* End PBXSourcesBuildPhase section */

/* Begin XCBuildConfiguration section */
		51979E342A707DE500974D86 /* Debug */ = {
			isa = XCBuildConfiguration;
			buildSettings = {
				ALWAYS_SEARCH_USER_PATHS = NO;
				CLANG_ANALYZER_NONNULL = YES;
				CLANG_ANALYZER_NUMBER_OBJECT_CONVERSION = YES_AGGRESSIVE;
				CLANG_CXX_LANGUAGE_STANDARD = "gnu++20";
				CLANG_ENABLE_MODULES = YES;
				CLANG_ENABLE_OBJC_ARC = YES;
				CLANG_ENABLE_OBJC_WEAK = YES;
				CLANG_WARN_BLOCK_CAPTURE_AUTORELEASING = YES;
				CLANG_WARN_BOOL_CONVERSION = YES;
				CLANG_WARN_COMMA = YES;
				CLANG_WARN_CONSTANT_CONVERSION = YES;
				CLANG_WARN_DEPRECATED_OBJC_IMPLEMENTATIONS = YES;
				CLANG_WARN_DIRECT_OBJC_ISA_USAGE = YES_ERROR;
				CLANG_WARN_DOCUMENTATION_COMMENTS = YES;
				CLANG_WARN_EMPTY_BODY = YES;
				CLANG_WARN_ENUM_CONVERSION = YES;
				CLANG_WARN_INFINITE_RECURSION = YES;
				CLANG_WARN_INT_CONVERSION = YES;
				CLANG_WARN_NON_LITERAL_NULL_CONVERSION = YES;
				CLANG_WARN_OBJC_IMPLICIT_RETAIN_SELF = YES;
				CLANG_WARN_OBJC_LITERAL_CONVERSION = YES;
				CLANG_WARN_OBJC_ROOT_CLASS = YES_ERROR;
				CLANG_WARN_QUOTED_INCLUDE_IN_FRAMEWORK_HEADER = YES;
				CLANG_WARN_RANGE_LOOP_ANALYSIS = YES;
				CLANG_WARN_STRICT_PROTOTYPES = YES;
				CLANG_WARN_SUSPICIOUS_MOVE = YES;
				CLANG_WARN_UNGUARDED_AVAILABILITY = YES_AGGRESSIVE;
				CLANG_WARN_UNREACHABLE_CODE = YES;
				CLANG_WARN__DUPLICATE_METHOD_MATCH = YES;
				COPY_PHASE_STRIP = NO;
				DEBUG_INFORMATION_FORMAT = dwarf;
				ENABLE_STRICT_OBJC_MSGSEND = YES;
				ENABLE_TESTABILITY = YES;
				GCC_C_LANGUAGE_STANDARD = gnu11;
				GCC_DYNAMIC_NO_PIC = NO;
				GCC_NO_COMMON_BLOCKS = YES;
				GCC_OPTIMIZATION_LEVEL = 0;
				GCC_PREPROCESSOR_DEFINITIONS = (
					"DEBUG=1",
					"$(inherited)",
				);
				GCC_WARN_64_TO_32_BIT_CONVERSION = YES;
				GCC_WARN_ABOUT_RETURN_TYPE = YES_ERROR;
				GCC_WARN_UNDECLARED_SELECTOR = YES;
				GCC_WARN_UNINITIALIZED_AUTOS = YES_AGGRESSIVE;
				GCC_WARN_UNUSED_FUNCTION = YES;
				GCC_WARN_UNUSED_VARIABLE = YES;
				MACOSX_DEPLOYMENT_TARGET = 13.2;
				MTL_ENABLE_DEBUG_INFO = INCLUDE_SOURCE;
				MTL_FAST_MATH = YES;
				ONLY_ACTIVE_ARCH = YES;
				SDKROOT = macosx;
			};
			name = Debug;
		};
		51979E352A707DE500974D86 /* Release */ = {
			isa = XCBuildConfiguration;
			buildSettings = {
				ALWAYS_SEARCH_USER_PATHS = NO;
				CLANG_ANALYZER_NONNULL = YES;
				CLANG_ANALYZER_NUMBER_OBJECT_CONVERSION = YES_AGGRESSIVE;
				CLANG_CXX_LANGUAGE_STANDARD = "gnu++20";
				CLANG_ENABLE_MODULES = YES;
				CLANG_ENABLE_OBJC_ARC = YES;
				CLANG_ENABLE_OBJC_WEAK = YES;
				CLANG_WARN_BLOCK_CAPTURE_AUTORELEASING = YES;
				CLANG_WARN_BOOL_CONVERSION = YES;
				CLANG_WARN_COMMA = YES;
				CLANG_WARN_CONSTANT_CONVERSION = YES;
				CLANG_WARN_DEPRECATED_OBJC_IMPLEMENTATIONS = YES;
				CLANG_WARN_DIRECT_OBJC_ISA_USAGE = YES_ERROR;
				CLANG_WARN_DOCUMENTATION_COMMENTS = YES;
				CLANG_WARN_EMPTY_BODY = YES;
				CLANG_WARN_ENUM_CONVERSION = YES;
				CLANG_WARN_INFINITE_RECURSION = YES;
				CLANG_WARN_INT_CONVERSION = YES;
				CLANG_WARN_NON_LITERAL_NULL_CONVERSION = YES;
				CLANG_WARN_OBJC_IMPLICIT_RETAIN_SELF = YES;
				CLANG_WARN_OBJC_LITERAL_CONVERSION = YES;
				CLANG_WARN_OBJC_ROOT_CLASS = YES_ERROR;
				CLANG_WARN_QUOTED_INCLUDE_IN_FRAMEWORK_HEADER = YES;
				CLANG_WARN_RANGE_LOOP_ANALYSIS = YES;
				CLANG_WARN_STRICT_PROTOTYPES = YES;
				CLANG_WARN_SUSPICIOUS_MOVE = YES;
				CLANG_WARN_UNGUARDED_AVAILABILITY = YES_AGGRESSIVE;
				CLANG_WARN_UNREACHABLE_CODE = YES;
				CLANG_WARN__DUPLICATE_METHOD_MATCH = YES;
				COPY_PHASE_STRIP = NO;
				DEBUG_INFORMATION_FORMAT = "dwarf-with-dsym";
				ENABLE_NS_ASSERTIONS = NO;
				ENABLE_STRICT_OBJC_MSGSEND = YES;
				GCC_C_LANGUAGE_STANDARD = gnu11;
				GCC_NO_COMMON_BLOCKS = YES;
				GCC_WARN_64_TO_32_BIT_CONVERSION = YES;
				GCC_WARN_ABOUT_RETURN_TYPE = YES_ERROR;
				GCC_WARN_UNDECLARED_SELECTOR = YES;
				GCC_WARN_UNINITIALIZED_AUTOS = YES_AGGRESSIVE;
				GCC_WARN_UNUSED_FUNCTION = YES;
				GCC_WARN_UNUSED_VARIABLE = YES;
				MACOSX_DEPLOYMENT_TARGET = 13.2;
				MTL_ENABLE_DEBUG_INFO = NO;
				MTL_FAST_MATH = YES;
				SDKROOT = macosx;
			};
			name = Release;
		};
		51979E372A707DE500974D86 /* Debug */ = {
			isa = XCBuildConfiguration;
			buildSettings = {
				CODE_SIGN_STYLE = Automatic;
				PRODUCT_NAME = "$(TARGET_NAME)";
			};
			name = Debug;
		};
		51979E382A707DE500974D86 /* Release */ = {
			isa = XCBuildConfiguration;
			buildSettings = {
				CODE_SIGN_STYLE = Automatic;
				PRODUCT_NAME = "$(TARGET_NAME)";
			};
			name = Release;
		};
/* End XCBuildConfiguration section */

/* Begin XCConfigurationList section */
		51979E2A2A707DE500974D86 /* Build configuration list for PBXProject "WS8" */ = {
			isa = XCConfigurationList;
			buildConfigurations = (
				51979E342A707DE500974D86 /* Debug */,
				51979E352A707DE500974D86 /* Release */,
			);
			defaultConfigurationIsVisible = 0;
			defaultConfigurationName = Release;
		};
		51979E362A707DE500974D86 /* Build configuration list for PBXNativeTarget "WS8" */ = {
			isa = XCConfigurationList;
			buildConfigurations = (
				51979E372A707DE500974D86 /* Debug */,
				51979E382A707DE500974D86 /* Release */,
			);
			defaultConfigurationIsVisible = 0;
			defaultConfigurationName = Release;
		};
/* End XCConfigurationList section */
	};
	rootObject = 51979E272A707DE500974D86 /* Project object */;
}
