// !$*UTF8*$!
{
	archiveVersion = 1;
	classes = {
	};
	objectVersion = 56;
	objects = {

/* Begin PBXBuildFile section */
		5124931A2A776C0900B9210F /* HtmlText.cpp in Sources */ = {isa = PBXBuildFile; fileRef = 5124930E2A776C0800B9210F /* HtmlText.cpp */; };
		5124931B2A776C0900B9210F /* Text.cpp in Sources */ = {isa = PBXBuildFile; fileRef = 512493142A776C0900B9210F /* Text.cpp */; };
		5124933F2A79033100B9210F /* w9Tester.cpp in Sources */ = {isa = PBXBuildFile; fileRef = 5124931E2A776D0D00B9210F /* w9Tester.cpp */; };
		512493402A79033700B9210F /* Text.h in Headers */ = {isa = PBXBuildFile; fileRef = 512493122A776C0900B9210F /* Text.h */; settings = {ATTRIBUTES = (Public, ); }; };
		512493422A79033E00B9210F /* HtmlText.h in Headers */ = {isa = PBXBuildFile; fileRef = 512493112A776C0900B9210F /* HtmlText.h */; settings = {ATTRIBUTES = (Public, ); }; };
		512493462A79057300B9210F /* Utils.cpp in Sources */ = {isa = PBXBuildFile; fileRef = 512493442A79057300B9210F /* Utils.cpp */; };
		512493472A79057300B9210F /* Utils.h in Headers */ = {isa = PBXBuildFile; fileRef = 512493452A79057300B9210F /* Utils.h */; settings = {ATTRIBUTES = (Public, ); }; };
/* End PBXBuildFile section */

/* Begin PBXCopyFilesBuildPhase section */
		512493012A776BDC00B9210F /* CopyFiles */ = {
			isa = PBXCopyFilesBuildPhase;
			buildActionMask = 2147483647;
			dstPath = /usr/share/man/man1/;
			dstSubfolderSpec = 0;
			files = (
			);
			runOnlyForDeploymentPostprocessing = 1;
		};
/* End PBXCopyFilesBuildPhase section */

/* Begin PBXFileReference section */
		512493032A776BDC00B9210F /* Xcode prj */ = {isa = PBXFileReference; explicitFileType = "compiled.mach-o.executable"; includeInIndex = 0; path = "Xcode prj"; sourceTree = BUILT_PRODUCTS_DIR; };
		5124930D2A776C0800B9210F /* dcwr.txt */ = {isa = PBXFileReference; fileEncoding = 4; lastKnownFileType = text; path = dcwr.txt; sourceTree = "<group>"; };
		5124930E2A776C0800B9210F /* HtmlText.cpp */ = {isa = PBXFileReference; fileEncoding = 4; lastKnownFileType = sourcecode.cpp.cpp; path = HtmlText.cpp; sourceTree = "<group>"; };
		512493102A776C0800B9210F /* dcwrLittle.txt */ = {isa = PBXFileReference; fileEncoding = 4; lastKnownFileType = text; path = dcwrLittle.txt; sourceTree = "<group>"; };
		512493112A776C0900B9210F /* HtmlText.h */ = {isa = PBXFileReference; fileEncoding = 4; lastKnownFileType = sourcecode.c.h; path = HtmlText.h; sourceTree = "<group>"; };
		512493122A776C0900B9210F /* Text.h */ = {isa = PBXFileReference; fileEncoding = 4; lastKnownFileType = sourcecode.c.h; path = Text.h; sourceTree = "<group>"; };
		512493132A776C0900B9210F /* test.txt */ = {isa = PBXFileReference; fileEncoding = 4; lastKnownFileType = text; path = test.txt; sourceTree = "<group>"; };
		512493142A776C0900B9210F /* Text.cpp */ = {isa = PBXFileReference; fileEncoding = 4; lastKnownFileType = sourcecode.cpp.cpp; path = Text.cpp; sourceTree = "<group>"; };
		512493152A776C0900B9210F /* dcwrOutput.html */ = {isa = PBXFileReference; fileEncoding = 4; lastKnownFileType = text.html; path = dcwrOutput.html; sourceTree = "<group>"; };
		512493182A776C0900B9210F /* dcwrLittleOutput.html */ = {isa = PBXFileReference; fileEncoding = 4; lastKnownFileType = text.html; path = dcwrLittleOutput.html; sourceTree = "<group>"; };
		5124931E2A776D0D00B9210F /* w9Tester.cpp */ = {isa = PBXFileReference; lastKnownFileType = sourcecode.cpp.cpp; path = w9Tester.cpp; sourceTree = "<group>"; };
		512493442A79057300B9210F /* Utils.cpp */ = {isa = PBXFileReference; fileEncoding = 4; lastKnownFileType = sourcecode.cpp.cpp; path = Utils.cpp; sourceTree = "<group>"; };
		512493452A79057300B9210F /* Utils.h */ = {isa = PBXFileReference; fileEncoding = 4; lastKnownFileType = sourcecode.c.h; path = Utils.h; sourceTree = "<group>"; };
/* End PBXFileReference section */

/* Begin PBXFrameworksBuildPhase section */
		512493002A776BDC00B9210F /* Frameworks */ = {
			isa = PBXFrameworksBuildPhase;
			buildActionMask = 2147483647;
			files = (
			);
			runOnlyForDeploymentPostprocessing = 0;
		};
/* End PBXFrameworksBuildPhase section */

/* Begin PBXGroup section */
		512492FA2A776BDC00B9210F = {
			isa = PBXGroup;
			children = (
				5124930D2A776C0800B9210F /* dcwr.txt */,
				512493102A776C0800B9210F /* dcwrLittle.txt */,
				512493182A776C0900B9210F /* dcwrLittleOutput.html */,
				512493152A776C0900B9210F /* dcwrOutput.html */,
				5124930E2A776C0800B9210F /* HtmlText.cpp */,
				512493112A776C0900B9210F /* HtmlText.h */,
				512493442A79057300B9210F /* Utils.cpp */,
				512493452A79057300B9210F /* Utils.h */,
				512493132A776C0900B9210F /* test.txt */,
				5124931E2A776D0D00B9210F /* w9Tester.cpp */,
				512493142A776C0900B9210F /* Text.cpp */,
				512493122A776C0900B9210F /* Text.h */,
				512493052A776BDC00B9210F /* Xcode prj */,
				512493042A776BDC00B9210F /* Products */,
			);
			sourceTree = "<group>";
		};
		512493042A776BDC00B9210F /* Products */ = {
			isa = PBXGroup;
			children = (
				512493032A776BDC00B9210F /* Xcode prj */,
			);
			name = Products;
			sourceTree = "<group>";
		};
		512493052A776BDC00B9210F /* Xcode prj */ = {
			isa = PBXGroup;
			children = (
			);
			path = "Xcode prj";
			sourceTree = "<group>";
		};
/* End PBXGroup section */

/* Begin PBXHeadersBuildPhase section */
		5124933E2A79032300B9210F /* Headers */ = {
			isa = PBXHeadersBuildPhase;
			buildActionMask = 2147483647;
			files = (
				512493472A79057300B9210F /* Utils.h in Headers */,
				512493402A79033700B9210F /* Text.h in Headers */,
				512493422A79033E00B9210F /* HtmlText.h in Headers */,
			);
			runOnlyForDeploymentPostprocessing = 0;
		};
/* End PBXHeadersBuildPhase section */

/* Begin PBXNativeTarget section */
		512493022A776BDC00B9210F /* Xcode prj */ = {
			isa = PBXNativeTarget;
			buildConfigurationList = 5124930A2A776BDC00B9210F /* Build configuration list for PBXNativeTarget "Xcode prj" */;
			buildPhases = (
				5124933E2A79032300B9210F /* Headers */,
				512492FF2A776BDC00B9210F /* Sources */,
				512493002A776BDC00B9210F /* Frameworks */,
				512493012A776BDC00B9210F /* CopyFiles */,
			);
			buildRules = (
			);
			dependencies = (
			);
			name = "Xcode prj";
			productName = "Xcode prj";
			productReference = 512493032A776BDC00B9210F /* Xcode prj */;
			productType = "com.apple.product-type.tool";
		};
/* End PBXNativeTarget section */

/* Begin PBXProject section */
		512492FB2A776BDC00B9210F /* Project object */ = {
			isa = PBXProject;
			attributes = {
				BuildIndependentTargetsInParallel = 1;
				LastUpgradeCheck = 1430;
				TargetAttributes = {
					512493022A776BDC00B9210F = {
						CreatedOnToolsVersion = 14.3;
					};
				};
			};
			buildConfigurationList = 512492FE2A776BDC00B9210F /* Build configuration list for PBXProject "Xcode prj" */;
			compatibilityVersion = "Xcode 14.0";
			developmentRegion = en;
			hasScannedForEncodings = 0;
			knownRegions = (
				en,
				Base,
			);
			mainGroup = 512492FA2A776BDC00B9210F;
			productRefGroup = 512493042A776BDC00B9210F /* Products */;
			projectDirPath = "";
			projectRoot = "";
			targets = (
				512493022A776BDC00B9210F /* Xcode prj */,
			);
		};
/* End PBXProject section */

/* Begin PBXSourcesBuildPhase section */
		512492FF2A776BDC00B9210F /* Sources */ = {
			isa = PBXSourcesBuildPhase;
			buildActionMask = 2147483647;
			files = (
				5124931B2A776C0900B9210F /* Text.cpp in Sources */,
				5124931A2A776C0900B9210F /* HtmlText.cpp in Sources */,
				5124933F2A79033100B9210F /* w9Tester.cpp in Sources */,
				512493462A79057300B9210F /* Utils.cpp in Sources */,
			);
			runOnlyForDeploymentPostprocessing = 0;
		};
/* End PBXSourcesBuildPhase section */

/* Begin XCBuildConfiguration section */
		512493082A776BDC00B9210F /* Debug */ = {
			isa = XCBuildConfiguration;
			buildSettings = {
				ALWAYS_SEARCH_USER_PATHS = NO;
				CLANG_ANALYZER_NONNULL = YES;
				CLANG_ANALYZER_NUMBER_OBJECT_CONVERSION = YES_AGGRESSIVE;
				CLANG_CXX_LANGUAGE_STANDARD = "gnu++20";
				CLANG_ENABLE_MODULES = YES;
				CLANG_ENABLE_OBJC_ARC = YES;
				CLANG_ENABLE_OBJC_WEAK = YES;
				CLANG_WARN_BLOCK_CAPTURE_AUTORELEASING = YES;
				CLANG_WARN_BOOL_CONVERSION = YES;
				CLANG_WARN_COMMA = YES;
				CLANG_WARN_CONSTANT_CONVERSION = YES;
				CLANG_WARN_DEPRECATED_OBJC_IMPLEMENTATIONS = YES;
				CLANG_WARN_DIRECT_OBJC_ISA_USAGE = YES_ERROR;
				CLANG_WARN_DOCUMENTATION_COMMENTS = YES;
				CLANG_WARN_EMPTY_BODY = YES;
				CLANG_WARN_ENUM_CONVERSION = YES;
				CLANG_WARN_INFINITE_RECURSION = YES;
				CLANG_WARN_INT_CONVERSION = YES;
				CLANG_WARN_NON_LITERAL_NULL_CONVERSION = YES;
				CLANG_WARN_OBJC_IMPLICIT_RETAIN_SELF = YES;
				CLANG_WARN_OBJC_LITERAL_CONVERSION = YES;
				CLANG_WARN_OBJC_ROOT_CLASS = YES_ERROR;
				CLANG_WARN_QUOTED_INCLUDE_IN_FRAMEWORK_HEADER = YES;
				CLANG_WARN_RANGE_LOOP_ANALYSIS = YES;
				CLANG_WARN_STRICT_PROTOTYPES = YES;
				CLANG_WARN_SUSPICIOUS_MOVE = YES;
				CLANG_WARN_UNGUARDED_AVAILABILITY = YES_AGGRESSIVE;
				CLANG_WARN_UNREACHABLE_CODE = YES;
				CLANG_WARN__DUPLICATE_METHOD_MATCH = YES;
				COPY_PHASE_STRIP = NO;
				DEBUG_INFORMATION_FORMAT = dwarf;
				ENABLE_STRICT_OBJC_MSGSEND = YES;
				ENABLE_TESTABILITY = YES;
				GCC_C_LANGUAGE_STANDARD = gnu11;
				GCC_DYNAMIC_NO_PIC = NO;
				GCC_NO_COMMON_BLOCKS = YES;
				GCC_OPTIMIZATION_LEVEL = 0;
				GCC_PREPROCESSOR_DEFINITIONS = (
					"DEBUG=1",
					"$(inherited)",
				);
				GCC_WARN_64_TO_32_BIT_CONVERSION = YES;
				GCC_WARN_ABOUT_RETURN_TYPE = YES_ERROR;
				GCC_WARN_UNDECLARED_SELECTOR = YES;
				GCC_WARN_UNINITIALIZED_AUTOS = YES_AGGRESSIVE;
				GCC_WARN_UNUSED_FUNCTION = YES;
				GCC_WARN_UNUSED_VARIABLE = YES;
				MACOSX_DEPLOYMENT_TARGET = 13.2;
				MTL_ENABLE_DEBUG_INFO = INCLUDE_SOURCE;
				MTL_FAST_MATH = YES;
				ONLY_ACTIVE_ARCH = YES;
				SDKROOT = macosx;
			};
			name = Debug;
		};
		512493092A776BDC00B9210F /* Release */ = {
			isa = XCBuildConfiguration;
			buildSettings = {
				ALWAYS_SEARCH_USER_PATHS = NO;
				CLANG_ANALYZER_NONNULL = YES;
				CLANG_ANALYZER_NUMBER_OBJECT_CONVERSION = YES_AGGRESSIVE;
				CLANG_CXX_LANGUAGE_STANDARD = "gnu++20";
				CLANG_ENABLE_MODULES = YES;
				CLANG_ENABLE_OBJC_ARC = YES;
				CLANG_ENABLE_OBJC_WEAK = YES;
				CLANG_WARN_BLOCK_CAPTURE_AUTORELEASING = YES;
				CLANG_WARN_BOOL_CONVERSION = YES;
				CLANG_WARN_COMMA = YES;
				CLANG_WARN_CONSTANT_CONVERSION = YES;
				CLANG_WARN_DEPRECATED_OBJC_IMPLEMENTATIONS = YES;
				CLANG_WARN_DIRECT_OBJC_ISA_USAGE = YES_ERROR;
				CLANG_WARN_DOCUMENTATION_COMMENTS = YES;
				CLANG_WARN_EMPTY_BODY = YES;
				CLANG_WARN_ENUM_CONVERSION = YES;
				CLANG_WARN_INFINITE_RECURSION = YES;
				CLANG_WARN_INT_CONVERSION = YES;
				CLANG_WARN_NON_LITERAL_NULL_CONVERSION = YES;
				CLANG_WARN_OBJC_IMPLICIT_RETAIN_SELF = YES;
				CLANG_WARN_OBJC_LITERAL_CONVERSION = YES;
				CLANG_WARN_OBJC_ROOT_CLASS = YES_ERROR;
				CLANG_WARN_QUOTED_INCLUDE_IN_FRAMEWORK_HEADER = YES;
				CLANG_WARN_RANGE_LOOP_ANALYSIS = YES;
				CLANG_WARN_STRICT_PROTOTYPES = YES;
				CLANG_WARN_SUSPICIOUS_MOVE = YES;
				CLANG_WARN_UNGUARDED_AVAILABILITY = YES_AGGRESSIVE;
				CLANG_WARN_UNREACHABLE_CODE = YES;
				CLANG_WARN__DUPLICATE_METHOD_MATCH = YES;
				COPY_PHASE_STRIP = NO;
				DEBUG_INFORMATION_FORMAT = "dwarf-with-dsym";
				ENABLE_NS_ASSERTIONS = NO;
				ENABLE_STRICT_OBJC_MSGSEND = YES;
				GCC_C_LANGUAGE_STANDARD = gnu11;
				GCC_NO_COMMON_BLOCKS = YES;
				GCC_WARN_64_TO_32_BIT_CONVERSION = YES;
				GCC_WARN_ABOUT_RETURN_TYPE = YES_ERROR;
				GCC_WARN_UNDECLARED_SELECTOR = YES;
				GCC_WARN_UNINITIALIZED_AUTOS = YES_AGGRESSIVE;
				GCC_WARN_UNUSED_FUNCTION = YES;
				GCC_WARN_UNUSED_VARIABLE = YES;
				MACOSX_DEPLOYMENT_TARGET = 13.2;
				MTL_ENABLE_DEBUG_INFO = NO;
				MTL_FAST_MATH = YES;
				SDKROOT = macosx;
			};
			name = Release;
		};
		5124930B2A776BDC00B9210F /* Debug */ = {
			isa = XCBuildConfiguration;
			buildSettings = {
				CODE_SIGN_STYLE = Automatic;
				PRODUCT_NAME = "$(TARGET_NAME)";
			};
			name = Debug;
		};
		5124930C2A776BDC00B9210F /* Release */ = {
			isa = XCBuildConfiguration;
			buildSettings = {
				CODE_SIGN_STYLE = Automatic;
				PRODUCT_NAME = "$(TARGET_NAME)";
			};
			name = Release;
		};
/* End XCBuildConfiguration section */

/* Begin XCConfigurationList section */
		512492FE2A776BDC00B9210F /* Build configuration list for PBXProject "Xcode prj" */ = {
			isa = XCConfigurationList;
			buildConfigurations = (
				512493082A776BDC00B9210F /* Debug */,
				512493092A776BDC00B9210F /* Release */,
			);
			defaultConfigurationIsVisible = 0;
			defaultConfigurationName = Release;
		};
		5124930A2A776BDC00B9210F /* Build configuration list for PBXNativeTarget "Xcode prj" */ = {
			isa = XCConfigurationList;
			buildConfigurations = (
				5124930B2A776BDC00B9210F /* Debug */,
				5124930C2A776BDC00B9210F /* Release */,
			);
			defaultConfigurationIsVisible = 0;
			defaultConfigurationName = Release;
		};
/* End XCConfigurationList section */
	};
	rootObject = 512492FB2A776BDC00B9210F /* Project object */;
}
